github.com/ConnorJarvis/FileTransfer v0.0.0-20190319201535-57bb9273027d h1:uI5Bso+/KTvSkObduu6o1Aq3KhXcoZvD2rgGtkdvNAs=
github.com/ConnorJarvis/FileTransfer v0.0.0-20190319201535-57bb9273027d/go.mod h1:jEqypMsoVQdOm6ztCGcBq/hSEj/Sy/EfgiwfOEaxucI=
github.com/ConnorJarvis/FileTransfer v0.0.0-20190319210759-3d80190ed10a h1:2oaER4RGu5k+Yk4hdR5bGJ7ardKTqaxE2jfY14uL60o=
github.com/ConnorJarvis/FileTransfer v0.0.0-20190319210759-3d80190ed10a/go.mod h1:jEqypMsoVQdOm6ztCGcBq/hSEj/Sy/EfgiwfOEaxucI=
github.com/ConnorJarvis/FileTransfer v0.0.0-20190319210950-4664ebef4388 h1:9zPOUIKrGDx1zPhz7gjNXtQplC10hYASvckwseDJe6I=
github.com/ConnorJarvis/FileTransfer v0.0.0-20190319210950-4664ebef4388/go.mod h1:jEqypMsoVQdOm6ztCGcBq/hSEj/Sy/EfgiwfOEaxucI=
github.com/ConnorJarvis/FileTransfer v0.0.0-20190319211316-e50d5d802b40 h1:Q6+AJ1/cFtwoZN4DYfnyto+oyGmCrwZlSwJNxwqX+/k=
github.com/ConnorJarvis/FileTransfer v0.0.0-20190319211316-e50d5d802b40/go.mod h1:jEqypMsoVQdOm6ztCGcBq/hSEj/Sy/EfgiwfOEaxucI=
github.com/ConnorJarvis/FileTransfer v0.0.0-20190319211501-a010fdaf15d6 h1:Hrb1vSwAq969BM9KGCPp53UKf/I8A/CIyf9/5LIeKis=
github.com/ConnorJarvis/FileTransfer v0.0.0-20190319211501-a010fdaf15d6/go.mod h1:jEqypMsoVQdOm6ztCGcBq/hSEj/Sy/EfgiwfOEaxucI=
github.com/ConnorJarvis/FileTransfer v0.0.0-20190319212002-da36a589fc33 h1:jHZz09P81hNSpl9nwyVaEpzrA7kWwUawQLNPSvMmjVM=
github.com/ConnorJarvis/FileTransfer v0.0.0-20190319212002-da36a589fc33/go.mod h1:jEqypMsoVQdOm6ztCGcBq/hSEj/Sy/EfgiwfOEaxucI=
github.com/ConnorJarvis/FileTransfer v0.0.0-20190319213005-a22a68fd5a5f h1:Zfv1s9WPb1gESbFUYhQlosr9HpSjDxvmF1KwNHsmGc8=
github.com/ConnorJarvis/FileTransfer v0.0.0-20190319213005-a22a68fd5a5f/go.mod h1:jEqypMsoVQdOm6ztCGcBq/hSEj/Sy/EfgiwfOEaxucI=
github.com/ConnorJarvis/FileTransfer v0.0.0-20190319214312-4fbbd2c53a83 h1:YCyipC1HKy2e3NYDnu0fzJXE38ZB/otXfsy01c31zx8=
github.com/ConnorJarvis/FileTransfer v0.0.0-20190319214312-4fbbd2c53a83/go.mod h1:jEqypMsoVQdOm6ztCGcBq/hSEj/Sy/EfgiwfOEaxucI=
github.com/davecgh/go-spew v1.1.1 h1:vj9j/u1bqnvCEfJOwUhtlOARqs3+rkHYY13jYWTU97c=
github.com/davecgh/go-spew v1.1.1/go.mod h1:J7Y8YcW2NihsgmVo/mv3lAwl/skON4iLHjSsI+c5H38=
github.com/google/uuid v1.1.1 h1:Gkbcsh/GbpXz7lPftLA3P6TYMwjCLYm83jiFQZF/3gY=
github.com/google/uuid v1.1.1/go.mod h1:TIyPZe4MgqvfeYDBFedMoGGpEw/LqOeaOT+nhxU+yHo=
